
Microsoft Visual Studio Solution File, Format Version 12.00
Project("{2150E333-8FDC-42A3-9474-1A3956D46DE8}") = "src", "src", "{C32D52ED-82BA-4E90-A3D8-7C401C8C780B}"
EndProject
Project("{FAE04EC0-301F-11D3-BF4B-00C04F79EFBC}") = "Web", "src\Web\Web.csproj", "{163B0B79-2715-44C5-BD90-A361F4AD9B7C}"
EndProject
Project("{2150E333-8FDC-42A3-9474-1A3956D46DE8}") = "Solution items", "Solution items", "{835D3BAE-B8B8-453C-9E38-DDD9B35F6FBE}"
	ProjectSection(SolutionItems) = preProject
		Directory.Build.props = Directory.Build.props
		.editorconfig = .editorconfig
	EndProjectSection
EndProject
Project("{FAE04EC0-301F-11D3-BF4B-00C04F79EFBC}") = "Infrastructure.ElasticSearch", "src\Infrastructure.ElasticSearch\Infrastructure.ElasticSearch.csproj", "{217A39C7-69CB-4E6A-B95F-99A5DB92F1B5}"
EndProject
Project("{FAE04EC0-301F-11D3-BF4B-00C04F79EFBC}") = "Infrastructure.S3", "src\Infrastructure.S3\Infrastructure.S3.csproj", "{4CA04C86-DBC0-48CD-B8E3-8A0B11F7DE8C}"
EndProject
Project("{2150E333-8FDC-42A3-9474-1A3956D46DE8}") = "Questions", "Questions", "{6EA7144C-20D9-4840-8BB1-CD543FB1E2B1}"
EndProject
Project("{FAE04EC0-301F-11D3-BF4B-00C04F79EFBC}") = "Questions.Domain", "src\Questions\Questions.Domain\Questions.Domain.csproj", "{F6991AA3-0601-44AF-9388-D54C7AF2D59B}"
EndProject
Project("{FAE04EC0-301F-11D3-BF4B-00C04F79EFBC}") = "Questions.Application", "src\Questions\Questions.Application\Questions.Application.csproj", "{E702D188-5423-44F1-8159-2375A7A88B84}"
EndProject
Project("{FAE04EC0-301F-11D3-BF4B-00C04F79EFBC}") = "Questions.Presenters", "src\Questions\Questions.Presenters\Questions.Presenters.csproj", "{37D0F98F-CA4A-486C-827B-C16B0B40A99C}"
EndProject
Project("{FAE04EC0-301F-11D3-BF4B-00C04F79EFBC}") = "Questions.Infrastructure.Postgres", "src\Questions\Questions.Infrastructure.Postgres\Questions.Infrastructure.Postgres.csproj", "{166C1ED7-F86D-4396-8AF8-9FFD1EE40C7A}"
EndProject
Project("{FAE04EC0-301F-11D3-BF4B-00C04F79EFBC}") = "Questions.Contracts", "src\Questions\Questions.Contracts\Questions.Contracts.csproj", "{A47769CC-D174-459F-81BA-F5429311E81A}"
EndProject
Project("{2150E333-8FDC-42A3-9474-1A3956D46DE8}") = "Comments", "Comments", "{AD624C57-F269-4C86-BA3A-3E7A7F487406}"
	ProjectSection(SolutionItems) = preProject
		Comment.cs = Comment.cs
	EndProjectSection
EndProject
Project("{2150E333-8FDC-42A3-9474-1A3956D46DE8}") = "Core", "Core", "{2512E120-6E6B-40F2-83B4-6A2A95CB21A0}"
EndProject
Project("{2150E333-8FDC-42A3-9474-1A3956D46DE8}") = "Reports", "Reports", "{E19AE70E-7CC3-4220-A511-D65C478A463E}"
EndProject
Project("{2150E333-8FDC-42A3-9474-1A3956D46DE8}") = "Infrastructure", "Infrastructure", "{481E83EF-59B3-4FE0-A2D2-FCEEDB6DE74C}"
EndProject
Project("{FAE04EC0-301F-11D3-BF4B-00C04F79EFBC}") = "Shared", "src\Core\Shared\Shared.csproj", "{52B9FEFB-CDAA-45A7-BAE7-B65720734A31}"
EndProject
Project("{2150E333-8FDC-42A3-9474-1A3956D46DE8}") = "Tags", "Tags", "{3C12D7C1-471C-447B-AA1E-58BAAEFAAA59}"
EndProject
Project("{2150E333-8FDC-42A3-9474-1A3956D46DE8}") = "Report", "Report", "{CE6E8968-11C3-4C8B-8BDB-E44FC00AC413}"
	ProjectSection(SolutionItems) = preProject
		Report.cs = Report.cs
		ReportStatus.cs = ReportStatus.cs
	EndProjectSection
EndProject
Project("{FAE04EC0-301F-11D3-BF4B-00C04F79EFBC}") = "Tags", "src\Tags\Tags\Tags.csproj", "{35D7BF74-6A0E-4530-8974-FB5DD03135C7}"
EndProject
Project("{FAE04EC0-301F-11D3-BF4B-00C04F79EFBC}") = "Framework", "src\Core\Framework\Framework.csproj", "{4522BA25-5AAC-4062-9465-7B7847A279A4}"
EndProject
Project("{FAE04EC0-301F-11D3-BF4B-00C04F79EFBC}") = "Tags.Contracts", "src\Tags\Tags.Contracts\Tags.Contracts.csproj", "{6C8AC84F-2F2B-4B17-97B2-98A0E828BFA4}"
EndProject
Project("{FAE04EC0-301F-11D3-BF4B-00C04F79EFBC}") = "Tags.Presenters", "src\Tags\Tags.Presenters\Tags.Presenters.csproj", "{030C9342-EB23-414B-A4E6-52638C7EFD4B}"
EndProject
Global
	GlobalSection(SolutionConfigurationPlatforms) = preSolution
		Debug|Any CPU = Debug|Any CPU
		Release|Any CPU = Release|Any CPU
	EndGlobalSection
	GlobalSection(ProjectConfigurationPlatforms) = postSolution
		{163B0B79-2715-44C5-BD90-A361F4AD9B7C}.Debug|Any CPU.ActiveCfg = Debug|Any CPU
		{163B0B79-2715-44C5-BD90-A361F4AD9B7C}.Debug|Any CPU.Build.0 = Debug|Any CPU
		{163B0B79-2715-44C5-BD90-A361F4AD9B7C}.Release|Any CPU.ActiveCfg = Release|Any CPU
		{163B0B79-2715-44C5-BD90-A361F4AD9B7C}.Release|Any CPU.Build.0 = Release|Any CPU
		{217A39C7-69CB-4E6A-B95F-99A5DB92F1B5}.Debug|Any CPU.ActiveCfg = Debug|Any CPU
		{217A39C7-69CB-4E6A-B95F-99A5DB92F1B5}.Debug|Any CPU.Build.0 = Debug|Any CPU
		{217A39C7-69CB-4E6A-B95F-99A5DB92F1B5}.Release|Any CPU.ActiveCfg = Release|Any CPU
		{217A39C7-69CB-4E6A-B95F-99A5DB92F1B5}.Release|Any CPU.Build.0 = Release|Any CPU
		{4CA04C86-DBC0-48CD-B8E3-8A0B11F7DE8C}.Debug|Any CPU.ActiveCfg = Debug|Any CPU
		{4CA04C86-DBC0-48CD-B8E3-8A0B11F7DE8C}.Debug|Any CPU.Build.0 = Debug|Any CPU
		{4CA04C86-DBC0-48CD-B8E3-8A0B11F7DE8C}.Release|Any CPU.ActiveCfg = Release|Any CPU
		{4CA04C86-DBC0-48CD-B8E3-8A0B11F7DE8C}.Release|Any CPU.Build.0 = Release|Any CPU
		{F6991AA3-0601-44AF-9388-D54C7AF2D59B}.Debug|Any CPU.ActiveCfg = Debug|Any CPU
		{F6991AA3-0601-44AF-9388-D54C7AF2D59B}.Debug|Any CPU.Build.0 = Debug|Any CPU
		{F6991AA3-0601-44AF-9388-D54C7AF2D59B}.Release|Any CPU.ActiveCfg = Release|Any CPU
		{F6991AA3-0601-44AF-9388-D54C7AF2D59B}.Release|Any CPU.Build.0 = Release|Any CPU
		{E702D188-5423-44F1-8159-2375A7A88B84}.Debug|Any CPU.ActiveCfg = Debug|Any CPU
		{E702D188-5423-44F1-8159-2375A7A88B84}.Debug|Any CPU.Build.0 = Debug|Any CPU
		{E702D188-5423-44F1-8159-2375A7A88B84}.Release|Any CPU.ActiveCfg = Release|Any CPU
		{E702D188-5423-44F1-8159-2375A7A88B84}.Release|Any CPU.Build.0 = Release|Any CPU
		{37D0F98F-CA4A-486C-827B-C16B0B40A99C}.Debug|Any CPU.ActiveCfg = Debug|Any CPU
		{37D0F98F-CA4A-486C-827B-C16B0B40A99C}.Debug|Any CPU.Build.0 = Debug|Any CPU
		{37D0F98F-CA4A-486C-827B-C16B0B40A99C}.Release|Any CPU.ActiveCfg = Release|Any CPU
		{37D0F98F-CA4A-486C-827B-C16B0B40A99C}.Release|Any CPU.Build.0 = Release|Any CPU
		{166C1ED7-F86D-4396-8AF8-9FFD1EE40C7A}.Debug|Any CPU.ActiveCfg = Debug|Any CPU
		{166C1ED7-F86D-4396-8AF8-9FFD1EE40C7A}.Debug|Any CPU.Build.0 = Debug|Any CPU
		{166C1ED7-F86D-4396-8AF8-9FFD1EE40C7A}.Release|Any CPU.ActiveCfg = Release|Any CPU
		{166C1ED7-F86D-4396-8AF8-9FFD1EE40C7A}.Release|Any CPU.Build.0 = Release|Any CPU
		{A47769CC-D174-459F-81BA-F5429311E81A}.Debug|Any CPU.ActiveCfg = Debug|Any CPU
		{A47769CC-D174-459F-81BA-F5429311E81A}.Debug|Any CPU.Build.0 = Debug|Any CPU
		{A47769CC-D174-459F-81BA-F5429311E81A}.Release|Any CPU.ActiveCfg = Release|Any CPU
		{A47769CC-D174-459F-81BA-F5429311E81A}.Release|Any CPU.Build.0 = Release|Any CPU
		{52B9FEFB-CDAA-45A7-BAE7-B65720734A31}.Debug|Any CPU.ActiveCfg = Debug|Any CPU
		{52B9FEFB-CDAA-45A7-BAE7-B65720734A31}.Debug|Any CPU.Build.0 = Debug|Any CPU
		{52B9FEFB-CDAA-45A7-BAE7-B65720734A31}.Release|Any CPU.ActiveCfg = Release|Any CPU
		{52B9FEFB-CDAA-45A7-BAE7-B65720734A31}.Release|Any CPU.Build.0 = Release|Any CPU
		{35D7BF74-6A0E-4530-8974-FB5DD03135C7}.Debug|Any CPU.ActiveCfg = Debug|Any CPU
		{35D7BF74-6A0E-4530-8974-FB5DD03135C7}.Debug|Any CPU.Build.0 = Debug|Any CPU
		{35D7BF74-6A0E-4530-8974-FB5DD03135C7}.Release|Any CPU.ActiveCfg = Release|Any CPU
		{35D7BF74-6A0E-4530-8974-FB5DD03135C7}.Release|Any CPU.Build.0 = Release|Any CPU
		{4522BA25-5AAC-4062-9465-7B7847A279A4}.Debug|Any CPU.ActiveCfg = Debug|Any CPU
		{4522BA25-5AAC-4062-9465-7B7847A279A4}.Debug|Any CPU.Build.0 = Debug|Any CPU
		{4522BA25-5AAC-4062-9465-7B7847A279A4}.Release|Any CPU.ActiveCfg = Release|Any CPU
		{4522BA25-5AAC-4062-9465-7B7847A279A4}.Release|Any CPU.Build.0 = Release|Any CPU
		{6C8AC84F-2F2B-4B17-97B2-98A0E828BFA4}.Debug|Any CPU.ActiveCfg = Debug|Any CPU
		{6C8AC84F-2F2B-4B17-97B2-98A0E828BFA4}.Debug|Any CPU.Build.0 = Debug|Any CPU
		{6C8AC84F-2F2B-4B17-97B2-98A0E828BFA4}.Release|Any CPU.ActiveCfg = Release|Any CPU
		{6C8AC84F-2F2B-4B17-97B2-98A0E828BFA4}.Release|Any CPU.Build.0 = Release|Any CPU
		{030C9342-EB23-414B-A4E6-52638C7EFD4B}.Debug|Any CPU.ActiveCfg = Debug|Any CPU
		{030C9342-EB23-414B-A4E6-52638C7EFD4B}.Debug|Any CPU.Build.0 = Debug|Any CPU
		{030C9342-EB23-414B-A4E6-52638C7EFD4B}.Release|Any CPU.ActiveCfg = Release|Any CPU
		{030C9342-EB23-414B-A4E6-52638C7EFD4B}.Release|Any CPU.Build.0 = Release|Any CPU
	EndGlobalSection
	GlobalSection(NestedProjects) = preSolution
		{163B0B79-2715-44C5-BD90-A361F4AD9B7C} = {C32D52ED-82BA-4E90-A3D8-7C401C8C780B}
		{6EA7144C-20D9-4840-8BB1-CD543FB1E2B1} = {C32D52ED-82BA-4E90-A3D8-7C401C8C780B}
		{F6991AA3-0601-44AF-9388-D54C7AF2D59B} = {6EA7144C-20D9-4840-8BB1-CD543FB1E2B1}
		{E702D188-5423-44F1-8159-2375A7A88B84} = {6EA7144C-20D9-4840-8BB1-CD543FB1E2B1}
		{37D0F98F-CA4A-486C-827B-C16B0B40A99C} = {6EA7144C-20D9-4840-8BB1-CD543FB1E2B1}
		{166C1ED7-F86D-4396-8AF8-9FFD1EE40C7A} = {6EA7144C-20D9-4840-8BB1-CD543FB1E2B1}
		{A47769CC-D174-459F-81BA-F5429311E81A} = {6EA7144C-20D9-4840-8BB1-CD543FB1E2B1}
		{AD624C57-F269-4C86-BA3A-3E7A7F487406} = {C32D52ED-82BA-4E90-A3D8-7C401C8C780B}
		{2512E120-6E6B-40F2-83B4-6A2A95CB21A0} = {C32D52ED-82BA-4E90-A3D8-7C401C8C780B}
		{E19AE70E-7CC3-4220-A511-D65C478A463E} = {C32D52ED-82BA-4E90-A3D8-7C401C8C780B}
		{481E83EF-59B3-4FE0-A2D2-FCEEDB6DE74C} = {2512E120-6E6B-40F2-83B4-6A2A95CB21A0}
		{217A39C7-69CB-4E6A-B95F-99A5DB92F1B5} = {481E83EF-59B3-4FE0-A2D2-FCEEDB6DE74C}
		{4CA04C86-DBC0-48CD-B8E3-8A0B11F7DE8C} = {481E83EF-59B3-4FE0-A2D2-FCEEDB6DE74C}
		{52B9FEFB-CDAA-45A7-BAE7-B65720734A31} = {2512E120-6E6B-40F2-83B4-6A2A95CB21A0}
		{3C12D7C1-471C-447B-AA1E-58BAAEFAAA59} = {C32D52ED-82BA-4E90-A3D8-7C401C8C780B}
		{CE6E8968-11C3-4C8B-8BDB-E44FC00AC413} = {E19AE70E-7CC3-4220-A511-D65C478A463E}
		{35D7BF74-6A0E-4530-8974-FB5DD03135C7} = {3C12D7C1-471C-447B-AA1E-58BAAEFAAA59}
		{4522BA25-5AAC-4062-9465-7B7847A279A4} = {2512E120-6E6B-40F2-83B4-6A2A95CB21A0}
		{6C8AC84F-2F2B-4B17-97B2-98A0E828BFA4} = {3C12D7C1-471C-447B-AA1E-58BAAEFAAA59}
		{030C9342-EB23-414B-A4E6-52638C7EFD4B} = {3C12D7C1-471C-447B-AA1E-58BAAEFAAA59}
	EndGlobalSection
EndGlobal
