
Microsoft Visual Studio Solution File, Format Version 12.00
Project("{FAE04EC0-301F-11D3-BF4B-00C04F79EFBC}") = "DevQuestions.Domain", "DevQuestions.Domain\DevQuestions.Domain.csproj", "{15585BDE-B608-45B0-B00F-EB1913CBA1BE}"
EndProject
Project("{2150E333-8FDC-42A3-9474-1A3956D46DE8}") = "src", "src", "{C32D52ED-82BA-4E90-A3D8-7C401C8C780B}"
EndProject
Global
	GlobalSection(SolutionConfigurationPlatforms) = preSolution
		Debug|Any CPU = Debug|Any CPU
		Release|Any CPU = Release|Any CPU
	EndGlobalSection
	GlobalSection(ProjectConfigurationPlatforms) = postSolution
		{15585BDE-B608-45B0-B00F-EB1913CBA1BE}.Debug|Any CPU.ActiveCfg = Debug|Any CPU
		{15585BDE-B608-45B0-B00F-EB1913CBA1BE}.Debug|Any CPU.Build.0 = Debug|Any CPU
		{15585BDE-B608-45B0-B00F-EB1913CBA1BE}.Release|Any CPU.ActiveCfg = Release|Any CPU
		{15585BDE-B608-45B0-B00F-EB1913CBA1BE}.Release|Any CPU.Build.0 = Release|Any CPU
	EndGlobalSection
	GlobalSection(NestedProjects) = preSolution
		{15585BDE-B608-45B0-B00F-EB1913CBA1BE} = {C32D52ED-82BA-4E90-A3D8-7C401C8C780B}
	EndGlobalSection
EndGlobal
